
Microsoft Visual Studio Solution File, Format Version 12.00
# Visual Studio Version 16
VisualStudioVersion = 16.0.31702.278
MinimumVisualStudioVersion = 10.0.40219.1
Project("{FAE04EC0-301F-11D3-BF4B-00C04F79EFBC}") = "REST-API-TO-DB", "REST-API-TO-DB\REST-API-TO-DB.csproj", "{2DCEE6B9-647A-471F-9613-10AC158CE452}"
EndProject
Global
	GlobalSection(SolutionConfigurationPlatforms) = preSolution
		Debug|Any CPU = Debug|Any CPU
		Release|Any CPU = Release|Any CPU
	EndGlobalSection
	GlobalSection(ProjectConfigurationPlatforms) = postSolution
		{2DCEE6B9-647A-471F-9613-10AC158CE452}.Debug|Any CPU.ActiveCfg = Debug|Any CPU
		{2DCEE6B9-647A-471F-9613-10AC158CE452}.Debug|Any CPU.Build.0 = Debug|Any CPU
		{2DCEE6B9-647A-471F-9613-10AC158CE452}.Release|Any CPU.ActiveCfg = Release|Any CPU
		{2DCEE6B9-647A-471F-9613-10AC158CE452}.Release|Any CPU.Build.0 = Release|Any CPU
	EndGlobalSection
	GlobalSection(SolutionProperties) = preSolution
		HideSolutionNode = FALSE
	EndGlobalSection
	GlobalSection(ExtensibilityGlobals) = postSolution
		SolutionGuid = {80FEB130-A9D8-4F94-999E-6A59F69551FF}
	EndGlobalSection
EndGlobal
